
Microsoft Visual Studio Solution File, Format Version 12.00
# Visual Studio Version 17
VisualStudioVersion = 17.0.31903.59
MinimumVisualStudioVersion = 10.0.40219.1
Project("{FAE04EC0-301F-11D3-BF4B-00C04F79EFBC}") = "Gloam", "Gloam\Gloam.csproj", "{4BE01E18-7D2C-4BCD-978C-4E3C9E8BEC7D}"
EndProject
Project("{FAE04EC0-301F-11D3-BF4B-00C04F79EFBC}") = "Gloam.Core", "Gloam.Core\Gloam.Core.csproj", "{A8A40691-057F-4575-BFD8-B9E6A26DEF37}"
EndProject
Project("{FAE04EC0-301F-11D3-BF4B-00C04F79EFBC}") = "Gloam.Interop", "Gloam.Interop\Gloam.Interop.csproj", "{0D1186FA-C09A-434A-88D7-756895EA60AF}"
EndProject
Project("{FAE04EC0-301F-11D3-BF4B-00C04F79EFBC}") = "Gloam.Cli", "Gloam.Cli\Gloam.Cli.csproj", "{8978232B-4AA7-446D-A04B-620001F3A758}"
EndProject
Project("{FAE04EC0-301F-11D3-BF4B-00C04F79EFBC}") = "Gloam.DebugMonitors", "Gloam.DebugMonitors\Gloam.DebugMonitors.csproj", "{C3A989B5-0BE1-412F-B1E0-585D3AE1ACFC}"
EndProject
Project("{FAE04EC0-301F-11D3-BF4B-00C04F79EFBC}") = "Gloam.Tests", "..\tests\Gloam.Tests\Gloam.Tests.csproj", "{4F522C11-3AAE-4C0C-B6E4-147D2E7798B3}"
EndProject
Global
	GlobalSection(SolutionConfigurationPlatforms) = preSolution
		Debug|Any CPU = Debug|Any CPU
		Debug|x64 = Debug|x64
		Debug|x86 = Debug|x86
		Release|Any CPU = Release|Any CPU
		Release|x64 = Release|x64
		Release|x86 = Release|x86
	EndGlobalSection
	GlobalSection(ProjectConfigurationPlatforms) = postSolution
		{4BE01E18-7D2C-4BCD-978C-4E3C9E8BEC7D}.Debug|Any CPU.ActiveCfg = Debug|Any CPU
		{4BE01E18-7D2C-4BCD-978C-4E3C9E8BEC7D}.Debug|Any CPU.Build.0 = Debug|Any CPU
		{4BE01E18-7D2C-4BCD-978C-4E3C9E8BEC7D}.Debug|x64.ActiveCfg = Debug|Any CPU
		{4BE01E18-7D2C-4BCD-978C-4E3C9E8BEC7D}.Debug|x64.Build.0 = Debug|Any CPU
		{4BE01E18-7D2C-4BCD-978C-4E3C9E8BEC7D}.Debug|x86.ActiveCfg = Debug|Any CPU
		{4BE01E18-7D2C-4BCD-978C-4E3C9E8BEC7D}.Debug|x86.Build.0 = Debug|Any CPU
		{4BE01E18-7D2C-4BCD-978C-4E3C9E8BEC7D}.Release|Any CPU.ActiveCfg = Release|Any CPU
		{4BE01E18-7D2C-4BCD-978C-4E3C9E8BEC7D}.Release|Any CPU.Build.0 = Release|Any CPU
		{4BE01E18-7D2C-4BCD-978C-4E3C9E8BEC7D}.Release|x64.ActiveCfg = Release|Any CPU
		{4BE01E18-7D2C-4BCD-978C-4E3C9E8BEC7D}.Release|x64.Build.0 = Release|Any CPU
		{4BE01E18-7D2C-4BCD-978C-4E3C9E8BEC7D}.Release|x86.ActiveCfg = Release|Any CPU
		{4BE01E18-7D2C-4BCD-978C-4E3C9E8BEC7D}.Release|x86.Build.0 = Release|Any CPU
		{A8A40691-057F-4575-BFD8-B9E6A26DEF37}.Debug|Any CPU.ActiveCfg = Debug|Any CPU
		{A8A40691-057F-4575-BFD8-B9E6A26DEF37}.Debug|Any CPU.Build.0 = Debug|Any CPU
		{A8A40691-057F-4575-BFD8-B9E6A26DEF37}.Debug|x64.ActiveCfg = Debug|Any CPU
		{A8A40691-057F-4575-BFD8-B9E6A26DEF37}.Debug|x64.Build.0 = Debug|Any CPU
		{A8A40691-057F-4575-BFD8-B9E6A26DEF37}.Debug|x86.ActiveCfg = Debug|Any CPU
		{A8A40691-057F-4575-BFD8-B9E6A26DEF37}.Debug|x86.Build.0 = Debug|Any CPU
		{A8A40691-057F-4575-BFD8-B9E6A26DEF37}.Release|Any CPU.ActiveCfg = Release|Any CPU
		{A8A40691-057F-4575-BFD8-B9E6A26DEF37}.Release|Any CPU.Build.0 = Release|Any CPU
		{A8A40691-057F-4575-BFD8-B9E6A26DEF37}.Release|x64.ActiveCfg = Release|Any CPU
		{A8A40691-057F-4575-BFD8-B9E6A26DEF37}.Release|x64.Build.0 = Release|Any CPU
		{A8A40691-057F-4575-BFD8-B9E6A26DEF37}.Release|x86.ActiveCfg = Release|Any CPU
		{A8A40691-057F-4575-BFD8-B9E6A26DEF37}.Release|x86.Build.0 = Release|Any CPU
		{0D1186FA-C09A-434A-88D7-756895EA60AF}.Debug|Any CPU.ActiveCfg = Debug|Any CPU
		{0D1186FA-C09A-434A-88D7-756895EA60AF}.Debug|Any CPU.Build.0 = Debug|Any CPU
		{0D1186FA-C09A-434A-88D7-756895EA60AF}.Debug|x64.ActiveCfg = Debug|Any CPU
		{0D1186FA-C09A-434A-88D7-756895EA60AF}.Debug|x64.Build.0 = Debug|Any CPU
		{0D1186FA-C09A-434A-88D7-756895EA60AF}.Debug|x86.ActiveCfg = Debug|Any CPU
		{0D1186FA-C09A-434A-88D7-756895EA60AF}.Debug|x86.Build.0 = Debug|Any CPU
		{0D1186FA-C09A-434A-88D7-756895EA60AF}.Release|Any CPU.ActiveCfg = Release|Any CPU
		{0D1186FA-C09A-434A-88D7-756895EA60AF}.Release|Any CPU.Build.0 = Release|Any CPU
		{0D1186FA-C09A-434A-88D7-756895EA60AF}.Release|x64.ActiveCfg = Release|Any CPU
		{0D1186FA-C09A-434A-88D7-756895EA60AF}.Release|x64.Build.0 = Release|Any CPU
		{0D1186FA-C09A-434A-88D7-756895EA60AF}.Release|x86.ActiveCfg = Release|Any CPU
		{0D1186FA-C09A-434A-88D7-756895EA60AF}.Release|x86.Build.0 = Release|Any CPU
		{8978232B-4AA7-446D-A04B-620001F3A758}.Debug|Any CPU.ActiveCfg = Debug|Any CPU
		{8978232B-4AA7-446D-A04B-620001F3A758}.Debug|Any CPU.Build.0 = Debug|Any CPU
		{8978232B-4AA7-446D-A04B-620001F3A758}.Debug|x64.ActiveCfg = Debug|Any CPU
		{8978232B-4AA7-446D-A04B-620001F3A758}.Debug|x64.Build.0 = Debug|Any CPU
		{8978232B-4AA7-446D-A04B-620001F3A758}.Debug|x86.ActiveCfg = Debug|Any CPU
		{8978232B-4AA7-446D-A04B-620001F3A758}.Debug|x86.Build.0 = Debug|Any CPU
		{8978232B-4AA7-446D-A04B-620001F3A758}.Release|Any CPU.ActiveCfg = Release|Any CPU
		{8978232B-4AA7-446D-A04B-620001F3A758}.Release|Any CPU.Build.0 = Release|Any CPU
		{8978232B-4AA7-446D-A04B-620001F3A758}.Release|x64.ActiveCfg = Release|Any CPU
		{8978232B-4AA7-446D-A04B-620001F3A758}.Release|x64.Build.0 = Release|Any CPU
		{8978232B-4AA7-446D-A04B-620001F3A758}.Release|x86.ActiveCfg = Release|Any CPU
		{8978232B-4AA7-446D-A04B-620001F3A758}.Release|x86.Build.0 = Release|Any CPU
		{C3A989B5-0BE1-412F-B1E0-585D3AE1ACFC}.Debug|Any CPU.ActiveCfg = Debug|Any CPU
		{C3A989B5-0BE1-412F-B1E0-585D3AE1ACFC}.Debug|Any CPU.Build.0 = Debug|Any CPU
		{C3A989B5-0BE1-412F-B1E0-585D3AE1ACFC}.Debug|x64.ActiveCfg = Debug|Any CPU
		{C3A989B5-0BE1-412F-B1E0-585D3AE1ACFC}.Debug|x64.Build.0 = Debug|Any CPU
		{C3A989B5-0BE1-412F-B1E0-585D3AE1ACFC}.Debug|x86.ActiveCfg = Debug|Any CPU
		{C3A989B5-0BE1-412F-B1E0-585D3AE1ACFC}.Debug|x86.Build.0 = Debug|Any CPU
		{C3A989B5-0BE1-412F-B1E0-585D3AE1ACFC}.Release|Any CPU.ActiveCfg = Release|Any CPU
		{C3A989B5-0BE1-412F-B1E0-585D3AE1ACFC}.Release|Any CPU.Build.0 = Release|Any CPU
		{C3A989B5-0BE1-412F-B1E0-585D3AE1ACFC}.Release|x64.ActiveCfg = Release|Any CPU
		{C3A989B5-0BE1-412F-B1E0-585D3AE1ACFC}.Release|x64.Build.0 = Release|Any CPU
		{C3A989B5-0BE1-412F-B1E0-585D3AE1ACFC}.Release|x86.ActiveCfg = Release|Any CPU
		{C3A989B5-0BE1-412F-B1E0-585D3AE1ACFC}.Release|x86.Build.0 = Release|Any CPU
		{4F522C11-3AAE-4C0C-B6E4-147D2E7798B3}.Debug|Any CPU.ActiveCfg = Debug|Any CPU
		{4F522C11-3AAE-4C0C-B6E4-147D2E7798B3}.Debug|Any CPU.Build.0 = Debug|Any CPU
		{4F522C11-3AAE-4C0C-B6E4-147D2E7798B3}.Debug|x64.ActiveCfg = Debug|Any CPU
		{4F522C11-3AAE-4C0C-B6E4-147D2E7798B3}.Debug|x64.Build.0 = Debug|Any CPU
		{4F522C11-3AAE-4C0C-B6E4-147D2E7798B3}.Debug|x86.ActiveCfg = Debug|Any CPU
		{4F522C11-3AAE-4C0C-B6E4-147D2E7798B3}.Debug|x86.Build.0 = Debug|Any CPU
		{4F522C11-3AAE-4C0C-B6E4-147D2E7798B3}.Release|Any CPU.ActiveCfg = Release|Any CPU
		{4F522C11-3AAE-4C0C-B6E4-147D2E7798B3}.Release|Any CPU.Build.0 = Release|Any CPU
		{4F522C11-3AAE-4C0C-B6E4-147D2E7798B3}.Release|x64.ActiveCfg = Release|Any CPU
		{4F522C11-3AAE-4C0C-B6E4-147D2E7798B3}.Release|x64.Build.0 = Release|Any CPU
		{4F522C11-3AAE-4C0C-B6E4-147D2E7798B3}.Release|x86.ActiveCfg = Release|Any CPU
		{4F522C11-3AAE-4C0C-B6E4-147D2E7798B3}.Release|x86.Build.0 = Release|Any CPU
	EndGlobalSection
	GlobalSection(SolutionProperties) = preSolution
		HideSolutionNode = FALSE
	EndGlobalSection
EndGlobal
